// !$*UTF8*$!
{
	archiveVersion = 1;
	classes = {
	};
	objectVersion = 46;
	objects = {

/* Begin PBXBuildFile section */
		855F04D62ACD927ABDA3C2CC /* libPods-tvos.a in Frameworks */ = {isa = PBXBuildFile; fileRef = 3082F79AF202F3CCCBE1B8C8 /* libPods-tvos.a */; };
		99E075F883BCC14B3CCE5853 /* libPods-ios.a in Frameworks */ = {isa = PBXBuildFile; fileRef = 056ACE426CC9C9D0659A0729 /* libPods-ios.a */; };
		AA25B1891C2B5567002F61FD /* Main-TV.storyboard in Resources */ = {isa = PBXBuildFile; fileRef = AA25B1871C2B5567002F61FD /* Main-TV.storyboard */; };
		AA64222C1C28A5D7002F7170 /* ViewController.m in Sources */ = {isa = PBXBuildFile; fileRef = ED387D241A602B56007E40A2 /* ViewController.m */; };
		AA64222D1C28A5D7002F7170 /* AppDelegate.m in Sources */ = {isa = PBXBuildFile; fileRef = ED387D211A602B56007E40A2 /* AppDelegate.m */; };
		AA64222E1C28A5D7002F7170 /* main.m in Sources */ = {isa = PBXBuildFile; fileRef = ED387D1E1A602B56007E40A2 /* main.m */; };
		AA6422341C28A5D7002F7170 /* Images.xcassets in Resources */ = {isa = PBXBuildFile; fileRef = ED387D291A602B56007E40A2 /* Images.xcassets */; };
		ED387D1F1A602B56007E40A2 /* main.m in Sources */ = {isa = PBXBuildFile; fileRef = ED387D1E1A602B56007E40A2 /* main.m */; };
		ED387D221A602B56007E40A2 /* AppDelegate.m in Sources */ = {isa = PBXBuildFile; fileRef = ED387D211A602B56007E40A2 /* AppDelegate.m */; };
		ED387D251A602B56007E40A2 /* ViewController.m in Sources */ = {isa = PBXBuildFile; fileRef = ED387D241A602B56007E40A2 /* ViewController.m */; };
		ED387D281A602B56007E40A2 /* Main.storyboard in Resources */ = {isa = PBXBuildFile; fileRef = ED387D261A602B56007E40A2 /* Main.storyboard */; };
		ED387D2A1A602B56007E40A2 /* Images.xcassets in Resources */ = {isa = PBXBuildFile; fileRef = ED387D291A602B56007E40A2 /* Images.xcassets */; };
		ED387D2D1A602B56007E40A2 /* LaunchScreen.xib in Resources */ = {isa = PBXBuildFile; fileRef = ED387D2B1A602B56007E40A2 /* LaunchScreen.xib */; };
/* End PBXBuildFile section */

/* Begin PBXFileReference section */
		056ACE426CC9C9D0659A0729 /* libPods-ios.a */ = {isa = PBXFileReference; explicitFileType = archive.ar; includeInIndex = 0; path = "libPods-ios.a"; sourceTree = BUILT_PRODUCTS_DIR; };
		189D2BD4775C4255534FEA43 /* Pods.release.xcconfig */ = {isa = PBXFileReference; includeInIndex = 1; lastKnownFileType = text.xcconfig; name = Pods.release.xcconfig; path = "Pods/Target Support Files/Pods/Pods.release.xcconfig"; sourceTree = "<group>"; };
		29CD8DBFD484A434EDF80A5F /* Pods-ios.debug.xcconfig */ = {isa = PBXFileReference; includeInIndex = 1; lastKnownFileType = text.xcconfig; name = "Pods-ios.debug.xcconfig"; path = "Pods/Target Support Files/Pods-ios/Pods-ios.debug.xcconfig"; sourceTree = "<group>"; };
		3082F79AF202F3CCCBE1B8C8 /* libPods-tvos.a */ = {isa = PBXFileReference; explicitFileType = archive.ar; includeInIndex = 0; path = "libPods-tvos.a"; sourceTree = BUILT_PRODUCTS_DIR; };
		6761812092F1AA9376059624 /* Pods-tvos.release.xcconfig */ = {isa = PBXFileReference; includeInIndex = 1; lastKnownFileType = text.xcconfig; name = "Pods-tvos.release.xcconfig"; path = "Pods/Target Support Files/Pods-tvos/Pods-tvos.release.xcconfig"; sourceTree = "<group>"; };
		6FDF25EA2EBABFCD3931A8AF /* Pods-ios.release.xcconfig */ = {isa = PBXFileReference; includeInIndex = 1; lastKnownFileType = text.xcconfig; name = "Pods-ios.release.xcconfig"; path = "Pods/Target Support Files/Pods-ios/Pods-ios.release.xcconfig"; sourceTree = "<group>"; };
		8421BD0F847CD3A5A6AB8276 /* libPods.a */ = {isa = PBXFileReference; explicitFileType = archive.ar; includeInIndex = 0; path = libPods.a; sourceTree = BUILT_PRODUCTS_DIR; };
		AA25B1881C2B5567002F61FD /* Base */ = {isa = PBXFileReference; lastKnownFileType = file.storyboard; name = Base; path = "Base.lproj/Main-TV.storyboard"; sourceTree = "<group>"; };
		AA64223A1C28A5D7002F7170 /* Ambly Demo TV.app */ = {isa = PBXFileReference; explicitFileType = wrapper.application; includeInIndex = 0; path = "Ambly Demo TV.app"; sourceTree = BUILT_PRODUCTS_DIR; };
		AA64223C1C28A8E5002F7170 /* Info-TV.plist */ = {isa = PBXFileReference; fileEncoding = 4; lastKnownFileType = text.plist.xml; path = "Info-TV.plist"; sourceTree = "<group>"; };
		E0FE70D7629FF1EB446AB132 /* Pods.debug.xcconfig */ = {isa = PBXFileReference; includeInIndex = 1; lastKnownFileType = text.xcconfig; name = Pods.debug.xcconfig; path = "Pods/Target Support Files/Pods/Pods.debug.xcconfig"; sourceTree = "<group>"; };
		E60D990CC1FE48EC049C3ADC /* Pods-tvos.debug.xcconfig */ = {isa = PBXFileReference; includeInIndex = 1; lastKnownFileType = text.xcconfig; name = "Pods-tvos.debug.xcconfig"; path = "Pods/Target Support Files/Pods-tvos/Pods-tvos.debug.xcconfig"; sourceTree = "<group>"; };
		ED387D191A602B56007E40A2 /* Ambly Demo.app */ = {isa = PBXFileReference; explicitFileType = wrapper.application; includeInIndex = 0; path = "Ambly Demo.app"; sourceTree = BUILT_PRODUCTS_DIR; };
		ED387D1D1A602B56007E40A2 /* Info.plist */ = {isa = PBXFileReference; lastKnownFileType = text.plist.xml; path = Info.plist; sourceTree = "<group>"; };
		ED387D1E1A602B56007E40A2 /* main.m */ = {isa = PBXFileReference; lastKnownFileType = sourcecode.c.objc; path = main.m; sourceTree = "<group>"; };
		ED387D201A602B56007E40A2 /* AppDelegate.h */ = {isa = PBXFileReference; lastKnownFileType = sourcecode.c.h; path = AppDelegate.h; sourceTree = "<group>"; };
		ED387D211A602B56007E40A2 /* AppDelegate.m */ = {isa = PBXFileReference; lastKnownFileType = sourcecode.c.objc; path = AppDelegate.m; sourceTree = "<group>"; };
		ED387D231A602B56007E40A2 /* ViewController.h */ = {isa = PBXFileReference; lastKnownFileType = sourcecode.c.h; path = ViewController.h; sourceTree = "<group>"; };
		ED387D241A602B56007E40A2 /* ViewController.m */ = {isa = PBXFileReference; lastKnownFileType = sourcecode.c.objc; path = ViewController.m; sourceTree = "<group>"; };
		ED387D271A602B56007E40A2 /* Base */ = {isa = PBXFileReference; lastKnownFileType = file.storyboard; name = Base; path = Base.lproj/Main.storyboard; sourceTree = "<group>"; };
		ED387D291A602B56007E40A2 /* Images.xcassets */ = {isa = PBXFileReference; lastKnownFileType = folder.assetcatalog; path = Images.xcassets; sourceTree = "<group>"; };
		ED387D2C1A602B56007E40A2 /* Base */ = {isa = PBXFileReference; lastKnownFileType = file.xib; name = Base; path = Base.lproj/LaunchScreen.xib; sourceTree = "<group>"; };
/* End PBXFileReference section */

/* Begin PBXFrameworksBuildPhase section */
		AA64222F1C28A5D7002F7170 /* Frameworks */ = {
			isa = PBXFrameworksBuildPhase;
			buildActionMask = 2147483647;
			files = (
				855F04D62ACD927ABDA3C2CC /* libPods-tvos.a in Frameworks */,
			);
			runOnlyForDeploymentPostprocessing = 0;
		};
		ED387D161A602B56007E40A2 /* Frameworks */ = {
			isa = PBXFrameworksBuildPhase;
			buildActionMask = 2147483647;
			files = (
				99E075F883BCC14B3CCE5853 /* libPods-ios.a in Frameworks */,
			);
			runOnlyForDeploymentPostprocessing = 0;
		};
/* End PBXFrameworksBuildPhase section */

/* Begin PBXGroup section */
		A8DB22792ED578804C15BB6F /* Pods */ = {
			isa = PBXGroup;
			children = (
				E0FE70D7629FF1EB446AB132 /* Pods.debug.xcconfig */,
				189D2BD4775C4255534FEA43 /* Pods.release.xcconfig */,
				29CD8DBFD484A434EDF80A5F /* Pods-ios.debug.xcconfig */,
				6FDF25EA2EBABFCD3931A8AF /* Pods-ios.release.xcconfig */,
				E60D990CC1FE48EC049C3ADC /* Pods-tvos.debug.xcconfig */,
				6761812092F1AA9376059624 /* Pods-tvos.release.xcconfig */,
			);
			name = Pods;
			sourceTree = "<group>";
		};
		D05C0EBB13E1BA21D8E4B081 /* Frameworks */ = {
			isa = PBXGroup;
			children = (
				8421BD0F847CD3A5A6AB8276 /* libPods.a */,
				056ACE426CC9C9D0659A0729 /* libPods-ios.a */,
				3082F79AF202F3CCCBE1B8C8 /* libPods-tvos.a */,
			);
			name = Frameworks;
			sourceTree = "<group>";
		};
		ED387D101A602B55007E40A2 = {
			isa = PBXGroup;
			children = (
				ED387D1B1A602B56007E40A2 /* Ambly Demo */,
				ED387D1A1A602B56007E40A2 /* Products */,
				A8DB22792ED578804C15BB6F /* Pods */,
				D05C0EBB13E1BA21D8E4B081 /* Frameworks */,
			);
			sourceTree = "<group>";
		};
		ED387D1A1A602B56007E40A2 /* Products */ = {
			isa = PBXGroup;
			children = (
				ED387D191A602B56007E40A2 /* Ambly Demo.app */,
				AA64223A1C28A5D7002F7170 /* Ambly Demo TV.app */,
			);
			name = Products;
			sourceTree = "<group>";
		};
		ED387D1B1A602B56007E40A2 /* Ambly Demo */ = {
			isa = PBXGroup;
			children = (
				ED387D201A602B56007E40A2 /* AppDelegate.h */,
				ED387D211A602B56007E40A2 /* AppDelegate.m */,
				ED387D231A602B56007E40A2 /* ViewController.h */,
				ED387D241A602B56007E40A2 /* ViewController.m */,
				ED387D261A602B56007E40A2 /* Main.storyboard */,
				AA25B1871C2B5567002F61FD /* Main-TV.storyboard */,
				ED387D291A602B56007E40A2 /* Images.xcassets */,
				ED387D2B1A602B56007E40A2 /* LaunchScreen.xib */,
				ED387D1C1A602B56007E40A2 /* Supporting Files */,
			);
			path = "Ambly Demo";
			sourceTree = "<group>";
		};
		ED387D1C1A602B56007E40A2 /* Supporting Files */ = {
			isa = PBXGroup;
			children = (
				ED387D1D1A602B56007E40A2 /* Info.plist */,
				AA64223C1C28A8E5002F7170 /* Info-TV.plist */,
				ED387D1E1A602B56007E40A2 /* main.m */,
			);
			name = "Supporting Files";
			sourceTree = "<group>";
		};
/* End PBXGroup section */

/* Begin PBXNativeTarget section */
		AA6422291C28A5D7002F7170 /* Ambly Demo TV */ = {
			isa = PBXNativeTarget;
			buildConfigurationList = AA6422371C28A5D7002F7170 /* Build configuration list for PBXNativeTarget "Ambly Demo TV" */;
			buildPhases = (
				AA64222A1C28A5D7002F7170 /* Check Pods Manifest.lock */,
				AA64222B1C28A5D7002F7170 /* Sources */,
				AA64222F1C28A5D7002F7170 /* Frameworks */,
				AA6422311C28A5D7002F7170 /* Resources */,
				AA6422351C28A5D7002F7170 /* Copy Pods Resources */,
				AA6422361C28A5D7002F7170 /* Embed Pods Frameworks */,
			);
			buildRules = (
			);
			dependencies = (
			);
			name = "Ambly Demo TV";
			productName = "Ambly Demo";
			productReference = AA64223A1C28A5D7002F7170 /* Ambly Demo TV.app */;
			productType = "com.apple.product-type.application";
		};
		ED387D181A602B56007E40A2 /* Ambly Demo */ = {
			isa = PBXNativeTarget;
			buildConfigurationList = ED387D3C1A602B56007E40A2 /* Build configuration list for PBXNativeTarget "Ambly Demo" */;
			buildPhases = (
				DC1C3037EC37A1E5352A5CEA /* Check Pods Manifest.lock */,
				ED387D151A602B56007E40A2 /* Sources */,
				ED387D161A602B56007E40A2 /* Frameworks */,
				ED387D171A602B56007E40A2 /* Resources */,
				E3E25DEFF116E0C0A264722F /* Copy Pods Resources */,
				A8C9D50A03E601B71AEF3DAF /* Embed Pods Frameworks */,
			);
			buildRules = (
			);
			dependencies = (
			);
			name = "Ambly Demo";
			productName = "Ambly Demo";
			productReference = ED387D191A602B56007E40A2 /* Ambly Demo.app */;
			productType = "com.apple.product-type.application";
		};
/* End PBXNativeTarget section */

/* Begin PBXProject section */
		ED387D111A602B55007E40A2 /* Project object */ = {
			isa = PBXProject;
			attributes = {
				LastUpgradeCheck = 0720;
				ORGANIZATIONNAME = "Mike Fikes";
				TargetAttributes = {
					ED387D181A602B56007E40A2 = {
						CreatedOnToolsVersion = 6.1.1;
					};
				};
			};
			buildConfigurationList = ED387D141A602B55007E40A2 /* Build configuration list for PBXProject "Ambly Demo" */;
			compatibilityVersion = "Xcode 3.2";
			developmentRegion = English;
			hasScannedForEncodings = 0;
			knownRegions = (
				en,
				Base,
			);
			mainGroup = ED387D101A602B55007E40A2;
			productRefGroup = ED387D1A1A602B56007E40A2 /* Products */;
			projectDirPath = "";
			projectRoot = "";
			targets = (
				ED387D181A602B56007E40A2 /* Ambly Demo */,
				AA6422291C28A5D7002F7170 /* Ambly Demo TV */,
			);
		};
/* End PBXProject section */

/* Begin PBXResourcesBuildPhase section */
		AA6422311C28A5D7002F7170 /* Resources */ = {
			isa = PBXResourcesBuildPhase;
			buildActionMask = 2147483647;
			files = (
				AA25B1891C2B5567002F61FD /* Main-TV.storyboard in Resources */,
				AA6422341C28A5D7002F7170 /* Images.xcassets in Resources */,
			);
			runOnlyForDeploymentPostprocessing = 0;
		};
		ED387D171A602B56007E40A2 /* Resources */ = {
			isa = PBXResourcesBuildPhase;
			buildActionMask = 2147483647;
			files = (
				ED387D281A602B56007E40A2 /* Main.storyboard in Resources */,
				ED387D2D1A602B56007E40A2 /* LaunchScreen.xib in Resources */,
				ED387D2A1A602B56007E40A2 /* Images.xcassets in Resources */,
			);
			runOnlyForDeploymentPostprocessing = 0;
		};
/* End PBXResourcesBuildPhase section */

/* Begin PBXShellScriptBuildPhase section */
		A8C9D50A03E601B71AEF3DAF /* Embed Pods Frameworks */ = {
			isa = PBXShellScriptBuildPhase;
			buildActionMask = 2147483647;
			files = (
			);
			inputPaths = (
			);
			name = "Embed Pods Frameworks";
			outputPaths = (
			);
			runOnlyForDeploymentPostprocessing = 0;
			shellPath = /bin/sh;
			shellScript = "\"${SRCROOT}/Pods/Target Support Files/Pods-ios/Pods-ios-frameworks.sh\"\n";
			showEnvVarsInLog = 0;
		};
		AA64222A1C28A5D7002F7170 /* Check Pods Manifest.lock */ = {
			isa = PBXShellScriptBuildPhase;
			buildActionMask = 2147483647;
			files = (
			);
			inputPaths = (
			);
			name = "Check Pods Manifest.lock";
			outputPaths = (
			);
			runOnlyForDeploymentPostprocessing = 0;
			shellPath = /bin/sh;
			shellScript = "diff \"${PODS_ROOT}/../Podfile.lock\" \"${PODS_ROOT}/Manifest.lock\" > /dev/null\nif [[ $? != 0 ]] ; then\n    cat << EOM\nerror: The sandbox is not in sync with the Podfile.lock. Run 'pod install' or update your CocoaPods installation.\nEOM\n    exit 1\nfi\n";
			showEnvVarsInLog = 0;
		};
		AA6422351C28A5D7002F7170 /* Copy Pods Resources */ = {
			isa = PBXShellScriptBuildPhase;
			buildActionMask = 2147483647;
			files = (
			);
			inputPaths = (
			);
			name = "Copy Pods Resources";
			outputPaths = (
			);
			runOnlyForDeploymentPostprocessing = 0;
			shellPath = /bin/sh;
			shellScript = "\"${SRCROOT}/Pods/Target Support Files/Pods-tvos/Pods-tvos-resources.sh\"\n";
			showEnvVarsInLog = 0;
		};
		AA6422361C28A5D7002F7170 /* Embed Pods Frameworks */ = {
			isa = PBXShellScriptBuildPhase;
			buildActionMask = 2147483647;
			files = (
			);
			inputPaths = (
			);
			name = "Embed Pods Frameworks";
			outputPaths = (
			);
			runOnlyForDeploymentPostprocessing = 0;
			shellPath = /bin/sh;
			shellScript = "\"${SRCROOT}/Pods/Target Support Files/Pods-tvos/Pods-tvos-frameworks.sh\"\n";
			showEnvVarsInLog = 0;
		};
		DC1C3037EC37A1E5352A5CEA /* Check Pods Manifest.lock */ = {
			isa = PBXShellScriptBuildPhase;
			buildActionMask = 2147483647;
			files = (
			);
			inputPaths = (
			);
			name = "Check Pods Manifest.lock";
			outputPaths = (
			);
			runOnlyForDeploymentPostprocessing = 0;
			shellPath = /bin/sh;
			shellScript = "diff \"${PODS_ROOT}/../Podfile.lock\" \"${PODS_ROOT}/Manifest.lock\" > /dev/null\nif [[ $? != 0 ]] ; then\n    cat << EOM\nerror: The sandbox is not in sync with the Podfile.lock. Run 'pod install' or update your CocoaPods installation.\nEOM\n    exit 1\nfi\n";
			showEnvVarsInLog = 0;
		};
		E3E25DEFF116E0C0A264722F /* Copy Pods Resources */ = {
			isa = PBXShellScriptBuildPhase;
			buildActionMask = 2147483647;
			files = (
			);
			inputPaths = (
			);
			name = "Copy Pods Resources";
			outputPaths = (
			);
			runOnlyForDeploymentPostprocessing = 0;
			shellPath = /bin/sh;
			shellScript = "\"${SRCROOT}/Pods/Target Support Files/Pods-ios/Pods-ios-resources.sh\"\n";
			showEnvVarsInLog = 0;
		};
/* End PBXShellScriptBuildPhase section */

/* Begin PBXSourcesBuildPhase section */
		AA64222B1C28A5D7002F7170 /* Sources */ = {
			isa = PBXSourcesBuildPhase;
			buildActionMask = 2147483647;
			files = (
				AA64222C1C28A5D7002F7170 /* ViewController.m in Sources */,
				AA64222D1C28A5D7002F7170 /* AppDelegate.m in Sources */,
				AA64222E1C28A5D7002F7170 /* main.m in Sources */,
			);
			runOnlyForDeploymentPostprocessing = 0;
		};
		ED387D151A602B56007E40A2 /* Sources */ = {
			isa = PBXSourcesBuildPhase;
			buildActionMask = 2147483647;
			files = (
				ED387D251A602B56007E40A2 /* ViewController.m in Sources */,
				ED387D221A602B56007E40A2 /* AppDelegate.m in Sources */,
				ED387D1F1A602B56007E40A2 /* main.m in Sources */,
			);
			runOnlyForDeploymentPostprocessing = 0;
		};
/* End PBXSourcesBuildPhase section */

/* Begin PBXVariantGroup section */
		AA25B1871C2B5567002F61FD /* Main-TV.storyboard */ = {
			isa = PBXVariantGroup;
			children = (
				AA25B1881C2B5567002F61FD /* Base */,
			);
			name = "Main-TV.storyboard";
			sourceTree = "<group>";
		};
		ED387D261A602B56007E40A2 /* Main.storyboard */ = {
			isa = PBXVariantGroup;
			children = (
				ED387D271A602B56007E40A2 /* Base */,
			);
			name = Main.storyboard;
			sourceTree = "<group>";
		};
		ED387D2B1A602B56007E40A2 /* LaunchScreen.xib */ = {
			isa = PBXVariantGroup;
			children = (
				ED387D2C1A602B56007E40A2 /* Base */,
			);
			name = LaunchScreen.xib;
			sourceTree = "<group>";
		};
/* End PBXVariantGroup section */

/* Begin XCBuildConfiguration section */
		AA6422381C28A5D7002F7170 /* Debug */ = {
			isa = XCBuildConfiguration;
			baseConfigurationReference = E60D990CC1FE48EC049C3ADC /* Pods-tvos.debug.xcconfig */;
			buildSettings = {
				ASSETCATALOG_COMPILER_APPICON_NAME = "Brand Assets";
				ASSETCATALOG_COMPILER_LAUNCHIMAGE_NAME = LaunchImage;
				INFOPLIST_FILE = "$(SRCROOT)/Ambly Demo/Info-TV.plist";
				LD_RUNPATH_SEARCH_PATHS = "$(inherited) @executable_path/Frameworks";
				PRODUCT_BUNDLE_IDENTIFIER = "org.omcljs.ambly.$(PRODUCT_NAME:rfc1034identifier)";
				PRODUCT_NAME = "$(TARGET_NAME)";
				SDKROOT = appletvos;
				SUPPORTED_PLATFORMS = "appletvsimulator appletvos";
				TARGETED_DEVICE_FAMILY = 3;
				TVOS_DEPLOYMENT_TARGET = 9.0;
			};
			name = Debug;
		};
		AA6422391C28A5D7002F7170 /* Release */ = {
			isa = XCBuildConfiguration;
			baseConfigurationReference = 6761812092F1AA9376059624 /* Pods-tvos.release.xcconfig */;
			buildSettings = {
				ASSETCATALOG_COMPILER_APPICON_NAME = "Brand Assets";
				ASSETCATALOG_COMPILER_LAUNCHIMAGE_NAME = LaunchImage;
				INFOPLIST_FILE = "$(SRCROOT)/Ambly Demo/Info-TV.plist";
				LD_RUNPATH_SEARCH_PATHS = "$(inherited) @executable_path/Frameworks";
				PRODUCT_BUNDLE_IDENTIFIER = "org.omcljs.ambly.$(PRODUCT_NAME:rfc1034identifier)";
				PRODUCT_NAME = "$(TARGET_NAME)";
				SDKROOT = appletvos;
				SUPPORTED_PLATFORMS = "appletvsimulator appletvos";
				TARGETED_DEVICE_FAMILY = 3;
				TVOS_DEPLOYMENT_TARGET = 9.0;
			};
			name = Release;
		};
		ED387D3A1A602B56007E40A2 /* Debug */ = {
			isa = XCBuildConfiguration;
			buildSettings = {
				ALWAYS_SEARCH_USER_PATHS = NO;
				CLANG_CXX_LANGUAGE_STANDARD = "gnu++0x";
				CLANG_CXX_LIBRARY = "libc++";
				CLANG_ENABLE_MODULES = YES;
				CLANG_ENABLE_OBJC_ARC = YES;
				CLANG_WARN_BOOL_CONVERSION = YES;
				CLANG_WARN_CONSTANT_CONVERSION = YES;
				CLANG_WARN_DIRECT_OBJC_ISA_USAGE = YES_ERROR;
				CLANG_WARN_EMPTY_BODY = YES;
				CLANG_WARN_ENUM_CONVERSION = YES;
				CLANG_WARN_INT_CONVERSION = YES;
				CLANG_WARN_OBJC_ROOT_CLASS = YES_ERROR;
				CLANG_WARN_UNREACHABLE_CODE = YES;
				CLANG_WARN__DUPLICATE_METHOD_MATCH = YES;
				"CODE_SIGN_IDENTITY[sdk=iphoneos*]" = "iPhone Developer";
				COPY_PHASE_STRIP = NO;
				ENABLE_STRICT_OBJC_MSGSEND = YES;
				ENABLE_TESTABILITY = YES;
				GCC_C_LANGUAGE_STANDARD = gnu99;
				GCC_DYNAMIC_NO_PIC = NO;
				GCC_OPTIMIZATION_LEVEL = 0;
				GCC_PREPROCESSOR_DEFINITIONS = (
					"DEBUG=1",
					"$(inherited)",
				);
				GCC_SYMBOLS_PRIVATE_EXTERN = NO;
				GCC_WARN_64_TO_32_BIT_CONVERSION = YES;
				GCC_WARN_ABOUT_RETURN_TYPE = YES_ERROR;
				GCC_WARN_UNDECLARED_SELECTOR = YES;
				GCC_WARN_UNINITIALIZED_AUTOS = YES_AGGRESSIVE;
				GCC_WARN_UNUSED_FUNCTION = YES;
				GCC_WARN_UNUSED_VARIABLE = YES;
				IPHONEOS_DEPLOYMENT_TARGET = 8.2;
				MTL_ENABLE_DEBUG_INFO = YES;
				ONLY_ACTIVE_ARCH = YES;
				SDKROOT = iphoneos;
			};
			name = Debug;
		};
		ED387D3B1A602B56007E40A2 /* Release */ = {
			isa = XCBuildConfiguration;
			buildSettings = {
				ALWAYS_SEARCH_USER_PATHS = NO;
				CLANG_CXX_LANGUAGE_STANDARD = "gnu++0x";
				CLANG_CXX_LIBRARY = "libc++";
				CLANG_ENABLE_MODULES = YES;
				CLANG_ENABLE_OBJC_ARC = YES;
				CLANG_WARN_BOOL_CONVERSION = YES;
				CLANG_WARN_CONSTANT_CONVERSION = YES;
				CLANG_WARN_DIRECT_OBJC_ISA_USAGE = YES_ERROR;
				CLANG_WARN_EMPTY_BODY = YES;
				CLANG_WARN_ENUM_CONVERSION = YES;
				CLANG_WARN_INT_CONVERSION = YES;
				CLANG_WARN_OBJC_ROOT_CLASS = YES_ERROR;
				CLANG_WARN_UNREACHABLE_CODE = YES;
				CLANG_WARN__DUPLICATE_METHOD_MATCH = YES;
				"CODE_SIGN_IDENTITY[sdk=iphoneos*]" = "iPhone Developer";
				COPY_PHASE_STRIP = YES;
				ENABLE_NS_ASSERTIONS = NO;
				ENABLE_STRICT_OBJC_MSGSEND = YES;
				GCC_C_LANGUAGE_STANDARD = gnu99;
				GCC_WARN_64_TO_32_BIT_CONVERSION = YES;
				GCC_WARN_ABOUT_RETURN_TYPE = YES_ERROR;
				GCC_WARN_UNDECLARED_SELECTOR = YES;
				GCC_WARN_UNINITIALIZED_AUTOS = YES_AGGRESSIVE;
				GCC_WARN_UNUSED_FUNCTION = YES;
				GCC_WARN_UNUSED_VARIABLE = YES;
				IPHONEOS_DEPLOYMENT_TARGET = 8.2;
				MTL_ENABLE_DEBUG_INFO = NO;
				SDKROOT = iphoneos;
				VALIDATE_PRODUCT = YES;
			};
			name = Release;
		};
		ED387D3D1A602B56007E40A2 /* Debug */ = {
			isa = XCBuildConfiguration;
			baseConfigurationReference = 29CD8DBFD484A434EDF80A5F /* Pods-ios.debug.xcconfig */;
			buildSettings = {
				ASSETCATALOG_COMPILER_APPICON_NAME = AppIcon;
				INFOPLIST_FILE = "Ambly Demo/Info.plist";
				LD_RUNPATH_SEARCH_PATHS = "$(inherited) @executable_path/Frameworks";
				PRODUCT_BUNDLE_IDENTIFIER = "org.omcljs.ambly.$(PRODUCT_NAME:rfc1034identifier)";
				PRODUCT_NAME = "$(TARGET_NAME)";
			};
			name = Debug;
		};
		ED387D3E1A602B56007E40A2 /* Release */ = {
			isa = XCBuildConfiguration;
			baseConfigurationReference = 6FDF25EA2EBABFCD3931A8AF /* Pods-ios.release.xcconfig */;
			buildSettings = {
				ASSETCATALOG_COMPILER_APPICON_NAME = AppIcon;
				INFOPLIST_FILE = "Ambly Demo/Info.plist";
				LD_RUNPATH_SEARCH_PATHS = "$(inherited) @executable_path/Frameworks";
				PRODUCT_BUNDLE_IDENTIFIER = "org.omcljs.ambly.$(PRODUCT_NAME:rfc1034identifier)";
				PRODUCT_NAME = "$(TARGET_NAME)";
			};
			name = Release;
		};
/* End XCBuildConfiguration section */

/* Begin XCConfigurationList section */
		AA6422371C28A5D7002F7170 /* Build configuration list for PBXNativeTarget "Ambly Demo TV" */ = {
			isa = XCConfigurationList;
			buildConfigurations = (
				AA6422381C28A5D7002F7170 /* Debug */,
				AA6422391C28A5D7002F7170 /* Release */,
			);
			defaultConfigurationIsVisible = 0;
			defaultConfigurationName = Release;
		};
		ED387D141A602B55007E40A2 /* Build configuration list for PBXProject "Ambly Demo" */ = {
			isa = XCConfigurationList;
			buildConfigurations = (
				ED387D3A1A602B56007E40A2 /* Debug */,
				ED387D3B1A602B56007E40A2 /* Release */,
			);
			defaultConfigurationIsVisible = 0;
			defaultConfigurationName = Release;
		};
		ED387D3C1A602B56007E40A2 /* Build configuration list for PBXNativeTarget "Ambly Demo" */ = {
			isa = XCConfigurationList;
			buildConfigurations = (
				ED387D3D1A602B56007E40A2 /* Debug */,
				ED387D3E1A602B56007E40A2 /* Release */,
			);
			defaultConfigurationIsVisible = 0;
			defaultConfigurationName = Release;
		};
/* End XCConfigurationList section */
	};
	rootObject = ED387D111A602B55007E40A2 /* Project object */;
}
