// !$*UTF8*$!
{
	archiveVersion = 1;
	classes = {
	};
	objectVersion = 46;
	objects = {

/* Begin PBXBuildFile section */
		EB386310CA1795C2F38E53DD /* libPods.a in Frameworks */ = {isa = PBXBuildFile; fileRef = 8421BD0F847CD3A5A6AB8276 /* libPods.a */; };
		ED387D1F1A602B56007E40A2 /* main.m in Sources */ = {isa = PBXBuildFile; fileRef = ED387D1E1A602B56007E40A2 /* main.m */; };
		ED387D221A602B56007E40A2 /* AppDelegate.m in Sources */ = {isa = PBXBuildFile; fileRef = ED387D211A602B56007E40A2 /* AppDelegate.m */; };
		ED387D251A602B56007E40A2 /* ViewController.m in Sources */ = {isa = PBXBuildFile; fileRef = ED387D241A602B56007E40A2 /* ViewController.m */; };
		ED387D281A602B56007E40A2 /* Main.storyboard in Resources */ = {isa = PBXBuildFile; fileRef = ED387D261A602B56007E40A2 /* Main.storyboard */; };
		ED387D2A1A602B56007E40A2 /* Images.xcassets in Resources */ = {isa = PBXBuildFile; fileRef = ED387D291A602B56007E40A2 /* Images.xcassets */; };
		ED387D2D1A602B56007E40A2 /* LaunchScreen.xib in Resources */ = {isa = PBXBuildFile; fileRef = ED387D2B1A602B56007E40A2 /* LaunchScreen.xib */; };
/* End PBXBuildFile section */

/* Begin PBXFileReference section */
		189D2BD4775C4255534FEA43 /* Pods.release.xcconfig */ = {isa = PBXFileReference; includeInIndex = 1; lastKnownFileType = text.xcconfig; name = Pods.release.xcconfig; path = "Pods/Target Support Files/Pods/Pods.release.xcconfig"; sourceTree = "<group>"; };
		8421BD0F847CD3A5A6AB8276 /* libPods.a */ = {isa = PBXFileReference; explicitFileType = archive.ar; includeInIndex = 0; path = libPods.a; sourceTree = BUILT_PRODUCTS_DIR; };
		E0FE70D7629FF1EB446AB132 /* Pods.debug.xcconfig */ = {isa = PBXFileReference; includeInIndex = 1; lastKnownFileType = text.xcconfig; name = Pods.debug.xcconfig; path = "Pods/Target Support Files/Pods/Pods.debug.xcconfig"; sourceTree = "<group>"; };
		ED387D191A602B56007E40A2 /* Ambly Demo.app */ = {isa = PBXFileReference; explicitFileType = wrapper.application; includeInIndex = 0; path = "Ambly Demo.app"; sourceTree = BUILT_PRODUCTS_DIR; };
		ED387D1D1A602B56007E40A2 /* Info.plist */ = {isa = PBXFileReference; lastKnownFileType = text.plist.xml; path = Info.plist; sourceTree = "<group>"; };
		ED387D1E1A602B56007E40A2 /* main.m */ = {isa = PBXFileReference; lastKnownFileType = sourcecode.c.objc; path = main.m; sourceTree = "<group>"; };
		ED387D201A602B56007E40A2 /* AppDelegate.h */ = {isa = PBXFileReference; lastKnownFileType = sourcecode.c.h; path = AppDelegate.h; sourceTree = "<group>"; };
		ED387D211A602B56007E40A2 /* AppDelegate.m */ = {isa = PBXFileReference; lastKnownFileType = sourcecode.c.objc; path = AppDelegate.m; sourceTree = "<group>"; };
		ED387D231A602B56007E40A2 /* ViewController.h */ = {isa = PBXFileReference; lastKnownFileType = sourcecode.c.h; path = ViewController.h; sourceTree = "<group>"; };
		ED387D241A602B56007E40A2 /* ViewController.m */ = {isa = PBXFileReference; lastKnownFileType = sourcecode.c.objc; path = ViewController.m; sourceTree = "<group>"; };
		ED387D271A602B56007E40A2 /* Base */ = {isa = PBXFileReference; lastKnownFileType = file.storyboard; name = Base; path = Base.lproj/Main.storyboard; sourceTree = "<group>"; };
		ED387D291A602B56007E40A2 /* Images.xcassets */ = {isa = PBXFileReference; lastKnownFileType = folder.assetcatalog; path = Images.xcassets; sourceTree = "<group>"; };
		ED387D2C1A602B56007E40A2 /* Base */ = {isa = PBXFileReference; lastKnownFileType = file.xib; name = Base; path = Base.lproj/LaunchScreen.xib; sourceTree = "<group>"; };
/* End PBXFileReference section */

/* Begin PBXFrameworksBuildPhase section */
		ED387D161A602B56007E40A2 /* Frameworks */ = {
			isa = PBXFrameworksBuildPhase;
			buildActionMask = 2147483647;
			files = (
				EB386310CA1795C2F38E53DD /* libPods.a in Frameworks */,
			);
			runOnlyForDeploymentPostprocessing = 0;
		};
/* End PBXFrameworksBuildPhase section */

/* Begin PBXGroup section */
		A8DB22792ED578804C15BB6F /* Pods */ = {
			isa = PBXGroup;
			children = (
				E0FE70D7629FF1EB446AB132 /* Pods.debug.xcconfig */,
				189D2BD4775C4255534FEA43 /* Pods.release.xcconfig */,
			);
			name = Pods;
			sourceTree = "<group>";
		};
		D05C0EBB13E1BA21D8E4B081 /* Frameworks */ = {
			isa = PBXGroup;
			children = (
				8421BD0F847CD3A5A6AB8276 /* libPods.a */,
			);
			name = Frameworks;
			sourceTree = "<group>";
		};
		ED387D101A602B55007E40A2 = {
			isa = PBXGroup;
			children = (
				ED387D1B1A602B56007E40A2 /* Ambly Demo */,
				ED387D1A1A602B56007E40A2 /* Products */,
				A8DB22792ED578804C15BB6F /* Pods */,
				D05C0EBB13E1BA21D8E4B081 /* Frameworks */,
			);
			sourceTree = "<group>";
		};
		ED387D1A1A602B56007E40A2 /* Products */ = {
			isa = PBXGroup;
			children = (
				ED387D191A602B56007E40A2 /* Ambly Demo.app */,
			);
			name = Products;
			sourceTree = "<group>";
		};
		ED387D1B1A602B56007E40A2 /* Ambly Demo */ = {
			isa = PBXGroup;
			children = (
				ED387D201A602B56007E40A2 /* AppDelegate.h */,
				ED387D211A602B56007E40A2 /* AppDelegate.m */,
				ED387D231A602B56007E40A2 /* ViewController.h */,
				ED387D241A602B56007E40A2 /* ViewController.m */,
				ED387D261A602B56007E40A2 /* Main.storyboard */,
				ED387D291A602B56007E40A2 /* Images.xcassets */,
				ED387D2B1A602B56007E40A2 /* LaunchScreen.xib */,
				ED387D1C1A602B56007E40A2 /* Supporting Files */,
			);
			path = "Ambly Demo";
			sourceTree = "<group>";
		};
		ED387D1C1A602B56007E40A2 /* Supporting Files */ = {
			isa = PBXGroup;
			children = (
				ED387D1D1A602B56007E40A2 /* Info.plist */,
				ED387D1E1A602B56007E40A2 /* main.m */,
			);
			name = "Supporting Files";
			sourceTree = "<group>";
		};
/* End PBXGroup section */

/* Begin PBXNativeTarget section */
		ED387D181A602B56007E40A2 /* Ambly Demo */ = {
			isa = PBXNativeTarget;
			buildConfigurationList = ED387D3C1A602B56007E40A2 /* Build configuration list for PBXNativeTarget "Ambly Demo" */;
			buildPhases = (
				DC1C3037EC37A1E5352A5CEA /* Check Pods Manifest.lock */,
				ED387D151A602B56007E40A2 /* Sources */,
				ED387D161A602B56007E40A2 /* Frameworks */,
				ED387D171A602B56007E40A2 /* Resources */,
				E3E25DEFF116E0C0A264722F /* Copy Pods Resources */,
				A8C9D50A03E601B71AEF3DAF /* Embed Pods Frameworks */,
			);
			buildRules = (
			);
			dependencies = (
			);
			name = "Ambly Demo";
			productName = "Ambly Demo";
			productReference = ED387D191A602B56007E40A2 /* Ambly Demo.app */;
			productType = "com.apple.product-type.application";
		};
/* End PBXNativeTarget section */

/* Begin PBXProject section */
		ED387D111A602B55007E40A2 /* Project object */ = {
			isa = PBXProject;
			attributes = {
				LastUpgradeCheck = 0610;
				ORGANIZATIONNAME = "Mike Fikes";
				TargetAttributes = {
					ED387D181A602B56007E40A2 = {
						CreatedOnToolsVersion = 6.1.1;
					};
				};
			};
			buildConfigurationList = ED387D141A602B55007E40A2 /* Build configuration list for PBXProject "Ambly Demo" */;
			compatibilityVersion = "Xcode 3.2";
			developmentRegion = English;
			hasScannedForEncodings = 0;
			knownRegions = (
				en,
				Base,
			);
			mainGroup = ED387D101A602B55007E40A2;
			productRefGroup = ED387D1A1A602B56007E40A2 /* Products */;
			projectDirPath = "";
			projectRoot = "";
			targets = (
				ED387D181A602B56007E40A2 /* Ambly Demo */,
			);
		};
/* End PBXProject section */

/* Begin PBXResourcesBuildPhase section */
		ED387D171A602B56007E40A2 /* Resources */ = {
			isa = PBXResourcesBuildPhase;
			buildActionMask = 2147483647;
			files = (
				ED387D281A602B56007E40A2 /* Main.storyboard in Resources */,
				ED387D2D1A602B56007E40A2 /* LaunchScreen.xib in Resources */,
				ED387D2A1A602B56007E40A2 /* Images.xcassets in Resources */,
			);
			runOnlyForDeploymentPostprocessing = 0;
		};
/* End PBXResourcesBuildPhase section */

/* Begin PBXShellScriptBuildPhase section */
		A8C9D50A03E601B71AEF3DAF /* Embed Pods Frameworks */ = {
			isa = PBXShellScriptBuildPhase;
			buildActionMask = 2147483647;
			files = (
			);
			inputPaths = (
			);
			name = "Embed Pods Frameworks";
			outputPaths = (
			);
			runOnlyForDeploymentPostprocessing = 0;
			shellPath = /bin/sh;
			shellScript = "\"${SRCROOT}/Pods/Target Support Files/Pods/Pods-frameworks.sh\"\n";
			showEnvVarsInLog = 0;
		};
		DC1C3037EC37A1E5352A5CEA /* Check Pods Manifest.lock */ = {
			isa = PBXShellScriptBuildPhase;
			buildActionMask = 2147483647;
			files = (
			);
			inputPaths = (
			);
			name = "Check Pods Manifest.lock";
			outputPaths = (
			);
			runOnlyForDeploymentPostprocessing = 0;
			shellPath = /bin/sh;
			shellScript = "diff \"${PODS_ROOT}/../Podfile.lock\" \"${PODS_ROOT}/Manifest.lock\" > /dev/null\nif [[ $? != 0 ]] ; then\n    cat << EOM\nerror: The sandbox is not in sync with the Podfile.lock. Run 'pod install' or update your CocoaPods installation.\nEOM\n    exit 1\nfi\n";
			showEnvVarsInLog = 0;
		};
		E3E25DEFF116E0C0A264722F /* Copy Pods Resources */ = {
			isa = PBXShellScriptBuildPhase;
			buildActionMask = 2147483647;
			files = (
			);
			inputPaths = (
			);
			name = "Copy Pods Resources";
			outputPaths = (
			);
			runOnlyForDeploymentPostprocessing = 0;
			shellPath = /bin/sh;
			shellScript = "\"${SRCROOT}/Pods/Target Support Files/Pods/Pods-resources.sh\"\n";
			showEnvVarsInLog = 0;
		};
/* End PBXShellScriptBuildPhase section */

/* Begin PBXSourcesBuildPhase section */
		ED387D151A602B56007E40A2 /* Sources */ = {
			isa = PBXSourcesBuildPhase;
			buildActionMask = 2147483647;
			files = (
				ED387D251A602B56007E40A2 /* ViewController.m in Sources */,
				ED387D221A602B56007E40A2 /* AppDelegate.m in Sources */,
				ED387D1F1A602B56007E40A2 /* main.m in Sources */,
			);
			runOnlyForDeploymentPostprocessing = 0;
		};
/* End PBXSourcesBuildPhase section */

/* Begin PBXVariantGroup section */
		ED387D261A602B56007E40A2 /* Main.storyboard */ = {
			isa = PBXVariantGroup;
			children = (
				ED387D271A602B56007E40A2 /* Base */,
			);
			name = Main.storyboard;
			sourceTree = "<group>";
		};
		ED387D2B1A602B56007E40A2 /* LaunchScreen.xib */ = {
			isa = PBXVariantGroup;
			children = (
				ED387D2C1A602B56007E40A2 /* Base */,
			);
			name = LaunchScreen.xib;
			sourceTree = "<group>";
		};
/* End PBXVariantGroup section */

/* Begin XCBuildConfiguration section */
		ED387D3A1A602B56007E40A2 /* Debug */ = {
			isa = XCBuildConfiguration;
			buildSettings = {
				ALWAYS_SEARCH_USER_PATHS = NO;
				CLANG_CXX_LANGUAGE_STANDARD = "gnu++0x";
				CLANG_CXX_LIBRARY = "libc++";
				CLANG_ENABLE_MODULES = YES;
				CLANG_ENABLE_OBJC_ARC = YES;
				CLANG_WARN_BOOL_CONVERSION = YES;
				CLANG_WARN_CONSTANT_CONVERSION = YES;
				CLANG_WARN_DIRECT_OBJC_ISA_USAGE = YES_ERROR;
				CLANG_WARN_EMPTY_BODY = YES;
				CLANG_WARN_ENUM_CONVERSION = YES;
				CLANG_WARN_INT_CONVERSION = YES;
				CLANG_WARN_OBJC_ROOT_CLASS = YES_ERROR;
				CLANG_WARN_UNREACHABLE_CODE = YES;
				CLANG_WARN__DUPLICATE_METHOD_MATCH = YES;
				"CODE_SIGN_IDENTITY[sdk=iphoneos*]" = "iPhone Developer";
				COPY_PHASE_STRIP = NO;
				ENABLE_STRICT_OBJC_MSGSEND = YES;
				GCC_C_LANGUAGE_STANDARD = gnu99;
				GCC_DYNAMIC_NO_PIC = NO;
				GCC_OPTIMIZATION_LEVEL = 0;
				GCC_PREPROCESSOR_DEFINITIONS = (
					"DEBUG=1",
					"$(inherited)",
				);
				GCC_SYMBOLS_PRIVATE_EXTERN = NO;
				GCC_WARN_64_TO_32_BIT_CONVERSION = YES;
				GCC_WARN_ABOUT_RETURN_TYPE = YES_ERROR;
				GCC_WARN_UNDECLARED_SELECTOR = YES;
				GCC_WARN_UNINITIALIZED_AUTOS = YES_AGGRESSIVE;
				GCC_WARN_UNUSED_FUNCTION = YES;
				GCC_WARN_UNUSED_VARIABLE = YES;
				IPHONEOS_DEPLOYMENT_TARGET = 8.2;
				MTL_ENABLE_DEBUG_INFO = YES;
				ONLY_ACTIVE_ARCH = YES;
				SDKROOT = iphoneos;
			};
			name = Debug;
		};
		ED387D3B1A602B56007E40A2 /* Release */ = {
			isa = XCBuildConfiguration;
			buildSettings = {
				ALWAYS_SEARCH_USER_PATHS = NO;
				CLANG_CXX_LANGUAGE_STANDARD = "gnu++0x";
				CLANG_CXX_LIBRARY = "libc++";
				CLANG_ENABLE_MODULES = YES;
				CLANG_ENABLE_OBJC_ARC = YES;
				CLANG_WARN_BOOL_CONVERSION = YES;
				CLANG_WARN_CONSTANT_CONVERSION = YES;
				CLANG_WARN_DIRECT_OBJC_ISA_USAGE = YES_ERROR;
				CLANG_WARN_EMPTY_BODY = YES;
				CLANG_WARN_ENUM_CONVERSION = YES;
				CLANG_WARN_INT_CONVERSION = YES;
				CLANG_WARN_OBJC_ROOT_CLASS = YES_ERROR;
				CLANG_WARN_UNREACHABLE_CODE = YES;
				CLANG_WARN__DUPLICATE_METHOD_MATCH = YES;
				"CODE_SIGN_IDENTITY[sdk=iphoneos*]" = "iPhone Developer";
				COPY_PHASE_STRIP = YES;
				ENABLE_NS_ASSERTIONS = NO;
				ENABLE_STRICT_OBJC_MSGSEND = YES;
				GCC_C_LANGUAGE_STANDARD = gnu99;
				GCC_WARN_64_TO_32_BIT_CONVERSION = YES;
				GCC_WARN_ABOUT_RETURN_TYPE = YES_ERROR;
				GCC_WARN_UNDECLARED_SELECTOR = YES;
				GCC_WARN_UNINITIALIZED_AUTOS = YES_AGGRESSIVE;
				GCC_WARN_UNUSED_FUNCTION = YES;
				GCC_WARN_UNUSED_VARIABLE = YES;
				IPHONEOS_DEPLOYMENT_TARGET = 8.2;
				MTL_ENABLE_DEBUG_INFO = NO;
				SDKROOT = iphoneos;
				VALIDATE_PRODUCT = YES;
			};
			name = Release;
		};
		ED387D3D1A602B56007E40A2 /* Debug */ = {
			isa = XCBuildConfiguration;
			baseConfigurationReference = E0FE70D7629FF1EB446AB132 /* Pods.debug.xcconfig */;
			buildSettings = {
				ASSETCATALOG_COMPILER_APPICON_NAME = AppIcon;
				INFOPLIST_FILE = "Ambly Demo/Info.plist";
				LD_RUNPATH_SEARCH_PATHS = "$(inherited) @executable_path/Frameworks";
				PRODUCT_NAME = "$(TARGET_NAME)";
			};
			name = Debug;
		};
		ED387D3E1A602B56007E40A2 /* Release */ = {
			isa = XCBuildConfiguration;
			baseConfigurationReference = 189D2BD4775C4255534FEA43 /* Pods.release.xcconfig */;
			buildSettings = {
				ASSETCATALOG_COMPILER_APPICON_NAME = AppIcon;
				INFOPLIST_FILE = "Ambly Demo/Info.plist";
				LD_RUNPATH_SEARCH_PATHS = "$(inherited) @executable_path/Frameworks";
				PRODUCT_NAME = "$(TARGET_NAME)";
			};
			name = Release;
		};
/* End XCBuildConfiguration section */

/* Begin XCConfigurationList section */
		ED387D141A602B55007E40A2 /* Build configuration list for PBXProject "Ambly Demo" */ = {
			isa = XCConfigurationList;
			buildConfigurations = (
				ED387D3A1A602B56007E40A2 /* Debug */,
				ED387D3B1A602B56007E40A2 /* Release */,
			);
			defaultConfigurationIsVisible = 0;
			defaultConfigurationName = Release;
		};
		ED387D3C1A602B56007E40A2 /* Build configuration list for PBXNativeTarget "Ambly Demo" */ = {
			isa = XCConfigurationList;
			buildConfigurations = (
				ED387D3D1A602B56007E40A2 /* Debug */,
				ED387D3E1A602B56007E40A2 /* Release */,
			);
			defaultConfigurationIsVisible = 0;
			defaultConfigurationName = Release;
		};
/* End XCConfigurationList section */
	};
	rootObject = ED387D111A602B55007E40A2 /* Project object */;
}
