// !$*UTF8*$!
{
	archiveVersion = 1;
	classes = {
	};
	objectVersion = 46;
	objects = {

/* Begin PBXBuildFile section */
		1B5D6D939ECDC86D561F96BA /* libPods-Ambly Demo CLI.a in Frameworks */ = {isa = PBXBuildFile; fileRef = A8B39A60972073F570F2BDBD /* libPods-Ambly Demo CLI.a */; };
		544E618D45496520D04DD0A6 /* libPods-Ambly Demo TV.a in Frameworks */ = {isa = PBXBuildFile; fileRef = CCA0347666288A09540AE52D /* libPods-Ambly Demo TV.a */; };
		777A5BF27BB837B8F437BFD4 /* libPods-Ambly Demo.a in Frameworks */ = {isa = PBXBuildFile; fileRef = 591D5BDF2EE085C828E0E1E7 /* libPods-Ambly Demo.a */; };
		AA25B1891C2B5567002F61FD /* Main-TV.storyboard in Resources */ = {isa = PBXBuildFile; fileRef = AA25B1871C2B5567002F61FD /* Main-TV.storyboard */; };
		AA64222C1C28A5D7002F7170 /* ViewController.m in Sources */ = {isa = PBXBuildFile; fileRef = ED387D241A602B56007E40A2 /* ViewController.m */; };
		AA64222D1C28A5D7002F7170 /* AppDelegate.m in Sources */ = {isa = PBXBuildFile; fileRef = ED387D211A602B56007E40A2 /* AppDelegate.m */; };
		AA64222E1C28A5D7002F7170 /* main.m in Sources */ = {isa = PBXBuildFile; fileRef = ED387D1E1A602B56007E40A2 /* main.m */; };
		AA6422341C28A5D7002F7170 /* Images.xcassets in Resources */ = {isa = PBXBuildFile; fileRef = ED387D291A602B56007E40A2 /* Images.xcassets */; };
		ED15C8A820407B7100160C69 /* main.m in Sources */ = {isa = PBXBuildFile; fileRef = ED15C8A720407B7100160C69 /* main.m */; };
		ED15C8AE20407FA300160C69 /* App.m in Sources */ = {isa = PBXBuildFile; fileRef = ED15C8AD20407FA300160C69 /* App.m */; };
		ED387D1F1A602B56007E40A2 /* main.m in Sources */ = {isa = PBXBuildFile; fileRef = ED387D1E1A602B56007E40A2 /* main.m */; };
		ED387D221A602B56007E40A2 /* AppDelegate.m in Sources */ = {isa = PBXBuildFile; fileRef = ED387D211A602B56007E40A2 /* AppDelegate.m */; };
		ED387D251A602B56007E40A2 /* ViewController.m in Sources */ = {isa = PBXBuildFile; fileRef = ED387D241A602B56007E40A2 /* ViewController.m */; };
		ED387D281A602B56007E40A2 /* Main.storyboard in Resources */ = {isa = PBXBuildFile; fileRef = ED387D261A602B56007E40A2 /* Main.storyboard */; };
		ED387D2A1A602B56007E40A2 /* Images.xcassets in Resources */ = {isa = PBXBuildFile; fileRef = ED387D291A602B56007E40A2 /* Images.xcassets */; };
		ED387D2D1A602B56007E40A2 /* LaunchScreen.xib in Resources */ = {isa = PBXBuildFile; fileRef = ED387D2B1A602B56007E40A2 /* LaunchScreen.xib */; };
/* End PBXBuildFile section */

/* Begin PBXCopyFilesBuildPhase section */
		ED15C8A320407B7100160C69 /* CopyFiles */ = {
			isa = PBXCopyFilesBuildPhase;
			buildActionMask = 2147483647;
			dstPath = /usr/share/man/man1/;
			dstSubfolderSpec = 0;
			files = (
			);
			runOnlyForDeploymentPostprocessing = 1;
		};
/* End PBXCopyFilesBuildPhase section */

/* Begin PBXFileReference section */
		37E132C8F625A7F334C0A9D3 /* Pods-Ambly Demo.release.xcconfig */ = {isa = PBXFileReference; includeInIndex = 1; lastKnownFileType = text.xcconfig; name = "Pods-Ambly Demo.release.xcconfig"; path = "Pods/Target Support Files/Pods-Ambly Demo/Pods-Ambly Demo.release.xcconfig"; sourceTree = "<group>"; };
		47588471C354B21049EE8C52 /* Pods-Ambly Demo.debug.xcconfig */ = {isa = PBXFileReference; includeInIndex = 1; lastKnownFileType = text.xcconfig; name = "Pods-Ambly Demo.debug.xcconfig"; path = "Pods/Target Support Files/Pods-Ambly Demo/Pods-Ambly Demo.debug.xcconfig"; sourceTree = "<group>"; };
		57179503D9D5813059A1E871 /* Pods-Ambly Demo CLI.debug.xcconfig */ = {isa = PBXFileReference; includeInIndex = 1; lastKnownFileType = text.xcconfig; name = "Pods-Ambly Demo CLI.debug.xcconfig"; path = "Pods/Target Support Files/Pods-Ambly Demo CLI/Pods-Ambly Demo CLI.debug.xcconfig"; sourceTree = "<group>"; };
		591D5BDF2EE085C828E0E1E7 /* libPods-Ambly Demo.a */ = {isa = PBXFileReference; explicitFileType = archive.ar; includeInIndex = 0; path = "libPods-Ambly Demo.a"; sourceTree = BUILT_PRODUCTS_DIR; };
		6FDA0886EA4FE70073885A08 /* Pods-Ambly Demo CLI.release.xcconfig */ = {isa = PBXFileReference; includeInIndex = 1; lastKnownFileType = text.xcconfig; name = "Pods-Ambly Demo CLI.release.xcconfig"; path = "Pods/Target Support Files/Pods-Ambly Demo CLI/Pods-Ambly Demo CLI.release.xcconfig"; sourceTree = "<group>"; };
		888F97E0649563A27FCC2554 /* Pods-Ambly Demo TV.debug.xcconfig */ = {isa = PBXFileReference; includeInIndex = 1; lastKnownFileType = text.xcconfig; name = "Pods-Ambly Demo TV.debug.xcconfig"; path = "Pods/Target Support Files/Pods-Ambly Demo TV/Pods-Ambly Demo TV.debug.xcconfig"; sourceTree = "<group>"; };
		934FBF698C31EEFE52472837 /* Pods-Ambly Demo TV.release.xcconfig */ = {isa = PBXFileReference; includeInIndex = 1; lastKnownFileType = text.xcconfig; name = "Pods-Ambly Demo TV.release.xcconfig"; path = "Pods/Target Support Files/Pods-Ambly Demo TV/Pods-Ambly Demo TV.release.xcconfig"; sourceTree = "<group>"; };
		A8B39A60972073F570F2BDBD /* libPods-Ambly Demo CLI.a */ = {isa = PBXFileReference; explicitFileType = archive.ar; includeInIndex = 0; path = "libPods-Ambly Demo CLI.a"; sourceTree = BUILT_PRODUCTS_DIR; };
		AA25B1881C2B5567002F61FD /* Base */ = {isa = PBXFileReference; lastKnownFileType = file.storyboard; name = Base; path = "Base.lproj/Main-TV.storyboard"; sourceTree = "<group>"; };
		AA64223A1C28A5D7002F7170 /* Ambly Demo TV.app */ = {isa = PBXFileReference; explicitFileType = wrapper.application; includeInIndex = 0; path = "Ambly Demo TV.app"; sourceTree = BUILT_PRODUCTS_DIR; };
		AA64223C1C28A8E5002F7170 /* Info-TV.plist */ = {isa = PBXFileReference; fileEncoding = 4; lastKnownFileType = text.plist.xml; path = "Info-TV.plist"; sourceTree = "<group>"; };
		CCA0347666288A09540AE52D /* libPods-Ambly Demo TV.a */ = {isa = PBXFileReference; explicitFileType = archive.ar; includeInIndex = 0; path = "libPods-Ambly Demo TV.a"; sourceTree = BUILT_PRODUCTS_DIR; };
		ED15C8A520407B7100160C69 /* Ambly Demo CLI */ = {isa = PBXFileReference; explicitFileType = "compiled.mach-o.executable"; includeInIndex = 0; name = "Ambly Demo CLI"; path = ambly; sourceTree = BUILT_PRODUCTS_DIR; };
		ED15C8A720407B7100160C69 /* main.m */ = {isa = PBXFileReference; lastKnownFileType = sourcecode.c.objc; path = main.m; sourceTree = "<group>"; };
		ED15C8AC20407FA300160C69 /* App.h */ = {isa = PBXFileReference; lastKnownFileType = sourcecode.c.h; path = App.h; sourceTree = "<group>"; };
		ED15C8AD20407FA300160C69 /* App.m */ = {isa = PBXFileReference; lastKnownFileType = sourcecode.c.objc; path = App.m; sourceTree = "<group>"; };
		ED387D191A602B56007E40A2 /* Ambly Demo.app */ = {isa = PBXFileReference; explicitFileType = wrapper.application; includeInIndex = 0; path = "Ambly Demo.app"; sourceTree = BUILT_PRODUCTS_DIR; };
		ED387D1D1A602B56007E40A2 /* Info.plist */ = {isa = PBXFileReference; lastKnownFileType = text.plist.xml; path = Info.plist; sourceTree = "<group>"; };
		ED387D1E1A602B56007E40A2 /* main.m */ = {isa = PBXFileReference; lastKnownFileType = sourcecode.c.objc; path = main.m; sourceTree = "<group>"; };
		ED387D201A602B56007E40A2 /* AppDelegate.h */ = {isa = PBXFileReference; lastKnownFileType = sourcecode.c.h; path = AppDelegate.h; sourceTree = "<group>"; };
		ED387D211A602B56007E40A2 /* AppDelegate.m */ = {isa = PBXFileReference; lastKnownFileType = sourcecode.c.objc; path = AppDelegate.m; sourceTree = "<group>"; };
		ED387D231A602B56007E40A2 /* ViewController.h */ = {isa = PBXFileReference; lastKnownFileType = sourcecode.c.h; path = ViewController.h; sourceTree = "<group>"; };
		ED387D241A602B56007E40A2 /* ViewController.m */ = {isa = PBXFileReference; lastKnownFileType = sourcecode.c.objc; path = ViewController.m; sourceTree = "<group>"; };
		ED387D271A602B56007E40A2 /* Base */ = {isa = PBXFileReference; lastKnownFileType = file.storyboard; name = Base; path = Base.lproj/Main.storyboard; sourceTree = "<group>"; };
		ED387D291A602B56007E40A2 /* Images.xcassets */ = {isa = PBXFileReference; lastKnownFileType = folder.assetcatalog; path = Images.xcassets; sourceTree = "<group>"; };
		ED387D2C1A602B56007E40A2 /* Base */ = {isa = PBXFileReference; lastKnownFileType = file.xib; name = Base; path = Base.lproj/LaunchScreen.xib; sourceTree = "<group>"; };
/* End PBXFileReference section */

/* Begin PBXFrameworksBuildPhase section */
		AA64222F1C28A5D7002F7170 /* Frameworks */ = {
			isa = PBXFrameworksBuildPhase;
			buildActionMask = 2147483647;
			files = (
				544E618D45496520D04DD0A6 /* libPods-Ambly Demo TV.a in Frameworks */,
			);
			runOnlyForDeploymentPostprocessing = 0;
		};
		ED15C8A220407B7100160C69 /* Frameworks */ = {
			isa = PBXFrameworksBuildPhase;
			buildActionMask = 2147483647;
			files = (
				1B5D6D939ECDC86D561F96BA /* libPods-Ambly Demo CLI.a in Frameworks */,
			);
			runOnlyForDeploymentPostprocessing = 0;
		};
		ED387D161A602B56007E40A2 /* Frameworks */ = {
			isa = PBXFrameworksBuildPhase;
			buildActionMask = 2147483647;
			files = (
				777A5BF27BB837B8F437BFD4 /* libPods-Ambly Demo.a in Frameworks */,
			);
			runOnlyForDeploymentPostprocessing = 0;
		};
/* End PBXFrameworksBuildPhase section */

/* Begin PBXGroup section */
		E7558359F166A068BA9ACA45 /* Frameworks */ = {
			isa = PBXGroup;
			children = (
				591D5BDF2EE085C828E0E1E7 /* libPods-Ambly Demo.a */,
				A8B39A60972073F570F2BDBD /* libPods-Ambly Demo CLI.a */,
				CCA0347666288A09540AE52D /* libPods-Ambly Demo TV.a */,
			);
			name = Frameworks;
			sourceTree = "<group>";
		};
		ED15C8A620407B7100160C69 /* Ambly Demo CLI */ = {
			isa = PBXGroup;
			children = (
				ED15C8A720407B7100160C69 /* main.m */,
				ED15C8AC20407FA300160C69 /* App.h */,
				ED15C8AD20407FA300160C69 /* App.m */,
			);
			path = "Ambly Demo CLI";
			sourceTree = "<group>";
		};
		ED387D101A602B55007E40A2 = {
			isa = PBXGroup;
			children = (
				ED387D1B1A602B56007E40A2 /* Ambly Demo */,
				ED15C8A620407B7100160C69 /* Ambly Demo CLI */,
				ED387D1A1A602B56007E40A2 /* Products */,
				FC5EE142203CAD731C6BF113 /* Pods */,
				E7558359F166A068BA9ACA45 /* Frameworks */,
			);
			sourceTree = "<group>";
		};
		ED387D1A1A602B56007E40A2 /* Products */ = {
			isa = PBXGroup;
			children = (
				ED387D191A602B56007E40A2 /* Ambly Demo.app */,
				AA64223A1C28A5D7002F7170 /* Ambly Demo TV.app */,
				ED15C8A520407B7100160C69 /* Ambly Demo CLI */,
			);
			name = Products;
			sourceTree = "<group>";
		};
		ED387D1B1A602B56007E40A2 /* Ambly Demo */ = {
			isa = PBXGroup;
			children = (
				ED387D201A602B56007E40A2 /* AppDelegate.h */,
				ED387D211A602B56007E40A2 /* AppDelegate.m */,
				ED387D231A602B56007E40A2 /* ViewController.h */,
				ED387D241A602B56007E40A2 /* ViewController.m */,
				ED387D261A602B56007E40A2 /* Main.storyboard */,
				AA25B1871C2B5567002F61FD /* Main-TV.storyboard */,
				ED387D291A602B56007E40A2 /* Images.xcassets */,
				ED387D2B1A602B56007E40A2 /* LaunchScreen.xib */,
				ED387D1C1A602B56007E40A2 /* Supporting Files */,
			);
			path = "Ambly Demo";
			sourceTree = "<group>";
		};
		ED387D1C1A602B56007E40A2 /* Supporting Files */ = {
			isa = PBXGroup;
			children = (
				ED387D1D1A602B56007E40A2 /* Info.plist */,
				AA64223C1C28A8E5002F7170 /* Info-TV.plist */,
				ED387D1E1A602B56007E40A2 /* main.m */,
			);
			name = "Supporting Files";
			sourceTree = "<group>";
		};
		FC5EE142203CAD731C6BF113 /* Pods */ = {
			isa = PBXGroup;
			children = (
				47588471C354B21049EE8C52 /* Pods-Ambly Demo.debug.xcconfig */,
				37E132C8F625A7F334C0A9D3 /* Pods-Ambly Demo.release.xcconfig */,
				57179503D9D5813059A1E871 /* Pods-Ambly Demo CLI.debug.xcconfig */,
				6FDA0886EA4FE70073885A08 /* Pods-Ambly Demo CLI.release.xcconfig */,
				888F97E0649563A27FCC2554 /* Pods-Ambly Demo TV.debug.xcconfig */,
				934FBF698C31EEFE52472837 /* Pods-Ambly Demo TV.release.xcconfig */,
			);
			name = Pods;
			sourceTree = "<group>";
		};
/* End PBXGroup section */

/* Begin PBXNativeTarget section */
		AA6422291C28A5D7002F7170 /* Ambly Demo TV */ = {
			isa = PBXNativeTarget;
			buildConfigurationList = AA6422371C28A5D7002F7170 /* Build configuration list for PBXNativeTarget "Ambly Demo TV" */;
			buildPhases = (
				2B13E5A573F13259B1829801 /* [CP] Check Pods Manifest.lock */,
				AA64222B1C28A5D7002F7170 /* Sources */,
				AA64222F1C28A5D7002F7170 /* Frameworks */,
				AA6422311C28A5D7002F7170 /* Resources */,
				0494E67C8978FC2D8E3B7AC7 /* [CP] Embed Pods Frameworks */,
				456F92B224EF92B3756BA4A9 /* [CP] Copy Pods Resources */,
			);
			buildRules = (
			);
			dependencies = (
			);
			name = "Ambly Demo TV";
			productName = "Ambly Demo";
			productReference = AA64223A1C28A5D7002F7170 /* Ambly Demo TV.app */;
			productType = "com.apple.product-type.application";
		};
		ED15C8A420407B7100160C69 /* Ambly Demo CLI */ = {
			isa = PBXNativeTarget;
			buildConfigurationList = ED15C8AB20407B7100160C69 /* Build configuration list for PBXNativeTarget "Ambly Demo CLI" */;
			buildPhases = (
				B75E91043E797F09660A23DF /* [CP] Check Pods Manifest.lock */,
				ED15C8A120407B7100160C69 /* Sources */,
				ED15C8A220407B7100160C69 /* Frameworks */,
				ED15C8A320407B7100160C69 /* CopyFiles */,
				D4DE040E82514BCB045513BE /* [CP] Copy Pods Resources */,
			);
			buildRules = (
			);
			dependencies = (
			);
			name = "Ambly Demo CLI";
			productName = "Ambly Demo CLI";
			productReference = ED15C8A520407B7100160C69 /* Ambly Demo CLI */;
			productType = "com.apple.product-type.tool";
		};
		ED387D181A602B56007E40A2 /* Ambly Demo */ = {
			isa = PBXNativeTarget;
			buildConfigurationList = ED387D3C1A602B56007E40A2 /* Build configuration list for PBXNativeTarget "Ambly Demo" */;
			buildPhases = (
				571565B7392E9A2FAC786B6A /* [CP] Check Pods Manifest.lock */,
				ED387D151A602B56007E40A2 /* Sources */,
				ED387D161A602B56007E40A2 /* Frameworks */,
				ED387D171A602B56007E40A2 /* Resources */,
				676CFDB0B2ACBE3322DB28CC /* [CP] Embed Pods Frameworks */,
				208C1A3CB87DF2949645A46C /* [CP] Copy Pods Resources */,
			);
			buildRules = (
			);
			dependencies = (
			);
			name = "Ambly Demo";
			productName = "Ambly Demo";
			productReference = ED387D191A602B56007E40A2 /* Ambly Demo.app */;
			productType = "com.apple.product-type.application";
		};
/* End PBXNativeTarget section */

/* Begin PBXProject section */
		ED387D111A602B55007E40A2 /* Project object */ = {
			isa = PBXProject;
			attributes = {
				LastUpgradeCheck = 0720;
				ORGANIZATIONNAME = "Mike Fikes";
				TargetAttributes = {
					ED15C8A420407B7100160C69 = {
						CreatedOnToolsVersion = 9.1;
						ProvisioningStyle = Automatic;
					};
					ED387D181A602B56007E40A2 = {
						CreatedOnToolsVersion = 6.1.1;
					};
				};
			};
			buildConfigurationList = ED387D141A602B55007E40A2 /* Build configuration list for PBXProject "Ambly Demo" */;
			compatibilityVersion = "Xcode 3.2";
			developmentRegion = English;
			hasScannedForEncodings = 0;
			knownRegions = (
				English,
				en,
				Base,
			);
			mainGroup = ED387D101A602B55007E40A2;
			productRefGroup = ED387D1A1A602B56007E40A2 /* Products */;
			projectDirPath = "";
			projectRoot = "";
			targets = (
				ED387D181A602B56007E40A2 /* Ambly Demo */,
				AA6422291C28A5D7002F7170 /* Ambly Demo TV */,
				ED15C8A420407B7100160C69 /* Ambly Demo CLI */,
			);
		};
/* End PBXProject section */

/* Begin PBXResourcesBuildPhase section */
		AA6422311C28A5D7002F7170 /* Resources */ = {
			isa = PBXResourcesBuildPhase;
			buildActionMask = 2147483647;
			files = (
				AA25B1891C2B5567002F61FD /* Main-TV.storyboard in Resources */,
				AA6422341C28A5D7002F7170 /* Images.xcassets in Resources */,
			);
			runOnlyForDeploymentPostprocessing = 0;
		};
		ED387D171A602B56007E40A2 /* Resources */ = {
			isa = PBXResourcesBuildPhase;
			buildActionMask = 2147483647;
			files = (
				ED387D281A602B56007E40A2 /* Main.storyboard in Resources */,
				ED387D2D1A602B56007E40A2 /* LaunchScreen.xib in Resources */,
				ED387D2A1A602B56007E40A2 /* Images.xcassets in Resources */,
			);
			runOnlyForDeploymentPostprocessing = 0;
		};
/* End PBXResourcesBuildPhase section */

/* Begin PBXShellScriptBuildPhase section */
		0494E67C8978FC2D8E3B7AC7 /* [CP] Embed Pods Frameworks */ = {
			isa = PBXShellScriptBuildPhase;
			buildActionMask = 2147483647;
			files = (
			);
			inputPaths = (
			);
			name = "[CP] Embed Pods Frameworks";
			outputPaths = (
			);
			runOnlyForDeploymentPostprocessing = 0;
			shellPath = /bin/sh;
			shellScript = "\"${SRCROOT}/Pods/Target Support Files/Pods-Ambly Demo TV/Pods-Ambly Demo TV-frameworks.sh\"\n";
			showEnvVarsInLog = 0;
		};
		208C1A3CB87DF2949645A46C /* [CP] Copy Pods Resources */ = {
			isa = PBXShellScriptBuildPhase;
			buildActionMask = 2147483647;
			files = (
			);
			inputPaths = (
			);
			name = "[CP] Copy Pods Resources";
			outputPaths = (
			);
			runOnlyForDeploymentPostprocessing = 0;
			shellPath = /bin/sh;
			shellScript = "\"${SRCROOT}/Pods/Target Support Files/Pods-Ambly Demo/Pods-Ambly Demo-resources.sh\"\n";
			showEnvVarsInLog = 0;
		};
		2B13E5A573F13259B1829801 /* [CP] Check Pods Manifest.lock */ = {
			isa = PBXShellScriptBuildPhase;
			buildActionMask = 2147483647;
			files = (
			);
			inputPaths = (
				"${PODS_PODFILE_DIR_PATH}/Podfile.lock",
				"${PODS_ROOT}/Manifest.lock",
			);
			name = "[CP] Check Pods Manifest.lock";
			outputPaths = (
				"$(DERIVED_FILE_DIR)/Pods-Ambly Demo TV-checkManifestLockResult.txt",
			);
			runOnlyForDeploymentPostprocessing = 0;
			shellPath = /bin/sh;
			shellScript = "diff \"${PODS_PODFILE_DIR_PATH}/Podfile.lock\" \"${PODS_ROOT}/Manifest.lock\" > /dev/null\nif [ $? != 0 ] ; then\n    # print error to STDERR\n    echo \"error: The sandbox is not in sync with the Podfile.lock. Run 'pod install' or update your CocoaPods installation.\" >&2\n    exit 1\nfi\n# This output is used by Xcode 'outputs' to avoid re-running this script phase.\necho \"SUCCESS\" > \"${SCRIPT_OUTPUT_FILE_0}\"\n";
			showEnvVarsInLog = 0;
		};
		456F92B224EF92B3756BA4A9 /* [CP] Copy Pods Resources */ = {
			isa = PBXShellScriptBuildPhase;
			buildActionMask = 2147483647;
			files = (
			);
			inputPaths = (
			);
			name = "[CP] Copy Pods Resources";
			outputPaths = (
			);
			runOnlyForDeploymentPostprocessing = 0;
			shellPath = /bin/sh;
			shellScript = "\"${SRCROOT}/Pods/Target Support Files/Pods-Ambly Demo TV/Pods-Ambly Demo TV-resources.sh\"\n";
			showEnvVarsInLog = 0;
		};
		571565B7392E9A2FAC786B6A /* [CP] Check Pods Manifest.lock */ = {
			isa = PBXShellScriptBuildPhase;
			buildActionMask = 2147483647;
			files = (
			);
			inputPaths = (
				"${PODS_PODFILE_DIR_PATH}/Podfile.lock",
				"${PODS_ROOT}/Manifest.lock",
			);
			name = "[CP] Check Pods Manifest.lock";
			outputPaths = (
				"$(DERIVED_FILE_DIR)/Pods-Ambly Demo-checkManifestLockResult.txt",
			);
			runOnlyForDeploymentPostprocessing = 0;
			shellPath = /bin/sh;
			shellScript = "diff \"${PODS_PODFILE_DIR_PATH}/Podfile.lock\" \"${PODS_ROOT}/Manifest.lock\" > /dev/null\nif [ $? != 0 ] ; then\n    # print error to STDERR\n    echo \"error: The sandbox is not in sync with the Podfile.lock. Run 'pod install' or update your CocoaPods installation.\" >&2\n    exit 1\nfi\n# This output is used by Xcode 'outputs' to avoid re-running this script phase.\necho \"SUCCESS\" > \"${SCRIPT_OUTPUT_FILE_0}\"\n";
			showEnvVarsInLog = 0;
		};
		676CFDB0B2ACBE3322DB28CC /* [CP] Embed Pods Frameworks */ = {
			isa = PBXShellScriptBuildPhase;
			buildActionMask = 2147483647;
			files = (
			);
			inputPaths = (
			);
			name = "[CP] Embed Pods Frameworks";
			outputPaths = (
			);
			runOnlyForDeploymentPostprocessing = 0;
			shellPath = /bin/sh;
			shellScript = "\"${SRCROOT}/Pods/Target Support Files/Pods-Ambly Demo/Pods-Ambly Demo-frameworks.sh\"\n";
			showEnvVarsInLog = 0;
		};
		B75E91043E797F09660A23DF /* [CP] Check Pods Manifest.lock */ = {
			isa = PBXShellScriptBuildPhase;
			buildActionMask = 2147483647;
			files = (
			);
			inputPaths = (
				"${PODS_PODFILE_DIR_PATH}/Podfile.lock",
				"${PODS_ROOT}/Manifest.lock",
			);
			name = "[CP] Check Pods Manifest.lock";
			outputPaths = (
				"$(DERIVED_FILE_DIR)/Pods-Ambly Demo CLI-checkManifestLockResult.txt",
			);
			runOnlyForDeploymentPostprocessing = 0;
			shellPath = /bin/sh;
			shellScript = "diff \"${PODS_PODFILE_DIR_PATH}/Podfile.lock\" \"${PODS_ROOT}/Manifest.lock\" > /dev/null\nif [ $? != 0 ] ; then\n    # print error to STDERR\n    echo \"error: The sandbox is not in sync with the Podfile.lock. Run 'pod install' or update your CocoaPods installation.\" >&2\n    exit 1\nfi\n# This output is used by Xcode 'outputs' to avoid re-running this script phase.\necho \"SUCCESS\" > \"${SCRIPT_OUTPUT_FILE_0}\"\n";
			showEnvVarsInLog = 0;
		};
		D4DE040E82514BCB045513BE /* [CP] Copy Pods Resources */ = {
			isa = PBXShellScriptBuildPhase;
			buildActionMask = 2147483647;
			files = (
			);
			inputPaths = (
			);
			name = "[CP] Copy Pods Resources";
			outputPaths = (
			);
			runOnlyForDeploymentPostprocessing = 0;
			shellPath = /bin/sh;
			shellScript = "\"${SRCROOT}/Pods/Target Support Files/Pods-Ambly Demo CLI/Pods-Ambly Demo CLI-resources.sh\"\n";
			showEnvVarsInLog = 0;
		};
/* End PBXShellScriptBuildPhase section */

/* Begin PBXSourcesBuildPhase section */
		AA64222B1C28A5D7002F7170 /* Sources */ = {
			isa = PBXSourcesBuildPhase;
			buildActionMask = 2147483647;
			files = (
				AA64222C1C28A5D7002F7170 /* ViewController.m in Sources */,
				AA64222D1C28A5D7002F7170 /* AppDelegate.m in Sources */,
				AA64222E1C28A5D7002F7170 /* main.m in Sources */,
			);
			runOnlyForDeploymentPostprocessing = 0;
		};
		ED15C8A120407B7100160C69 /* Sources */ = {
			isa = PBXSourcesBuildPhase;
			buildActionMask = 2147483647;
			files = (
				ED15C8A820407B7100160C69 /* main.m in Sources */,
				ED15C8AE20407FA300160C69 /* App.m in Sources */,
			);
			runOnlyForDeploymentPostprocessing = 0;
		};
		ED387D151A602B56007E40A2 /* Sources */ = {
			isa = PBXSourcesBuildPhase;
			buildActionMask = 2147483647;
			files = (
				ED387D251A602B56007E40A2 /* ViewController.m in Sources */,
				ED387D221A602B56007E40A2 /* AppDelegate.m in Sources */,
				ED387D1F1A602B56007E40A2 /* main.m in Sources */,
			);
			runOnlyForDeploymentPostprocessing = 0;
		};
/* End PBXSourcesBuildPhase section */

/* Begin PBXVariantGroup section */
		AA25B1871C2B5567002F61FD /* Main-TV.storyboard */ = {
			isa = PBXVariantGroup;
			children = (
				AA25B1881C2B5567002F61FD /* Base */,
			);
			name = "Main-TV.storyboard";
			sourceTree = "<group>";
		};
		ED387D261A602B56007E40A2 /* Main.storyboard */ = {
			isa = PBXVariantGroup;
			children = (
				ED387D271A602B56007E40A2 /* Base */,
			);
			name = Main.storyboard;
			sourceTree = "<group>";
		};
		ED387D2B1A602B56007E40A2 /* LaunchScreen.xib */ = {
			isa = PBXVariantGroup;
			children = (
				ED387D2C1A602B56007E40A2 /* Base */,
			);
			name = LaunchScreen.xib;
			sourceTree = "<group>";
		};
/* End PBXVariantGroup section */

/* Begin XCBuildConfiguration section */
		AA6422381C28A5D7002F7170 /* Debug */ = {
			isa = XCBuildConfiguration;
			baseConfigurationReference = 888F97E0649563A27FCC2554 /* Pods-Ambly Demo TV.debug.xcconfig */;
			buildSettings = {
				ASSETCATALOG_COMPILER_APPICON_NAME = "Brand Assets";
				ASSETCATALOG_COMPILER_LAUNCHIMAGE_NAME = LaunchImage;
				INFOPLIST_FILE = "$(SRCROOT)/Ambly Demo/Info-TV.plist";
				LD_RUNPATH_SEARCH_PATHS = "$(inherited) @executable_path/Frameworks";
				PRODUCT_BUNDLE_IDENTIFIER = "ambly.Ambly-Demo-TV";
				PRODUCT_NAME = "$(TARGET_NAME)";
				SDKROOT = appletvos;
				SUPPORTED_PLATFORMS = "appletvsimulator appletvos";
				TARGETED_DEVICE_FAMILY = 3;
				TVOS_DEPLOYMENT_TARGET = 9.0;
			};
			name = Debug;
		};
		AA6422391C28A5D7002F7170 /* Release */ = {
			isa = XCBuildConfiguration;
			baseConfigurationReference = 934FBF698C31EEFE52472837 /* Pods-Ambly Demo TV.release.xcconfig */;
			buildSettings = {
				ASSETCATALOG_COMPILER_APPICON_NAME = "Brand Assets";
				ASSETCATALOG_COMPILER_LAUNCHIMAGE_NAME = LaunchImage;
				INFOPLIST_FILE = "$(SRCROOT)/Ambly Demo/Info-TV.plist";
				LD_RUNPATH_SEARCH_PATHS = "$(inherited) @executable_path/Frameworks";
				PRODUCT_BUNDLE_IDENTIFIER = "ambly.Ambly-Demo-TV";
				PRODUCT_NAME = "$(TARGET_NAME)";
				SDKROOT = appletvos;
				SUPPORTED_PLATFORMS = "appletvsimulator appletvos";
				TARGETED_DEVICE_FAMILY = 3;
				TVOS_DEPLOYMENT_TARGET = 9.0;
			};
			name = Release;
		};
		ED15C8A920407B7100160C69 /* Debug */ = {
			isa = XCBuildConfiguration;
			baseConfigurationReference = 57179503D9D5813059A1E871 /* Pods-Ambly Demo CLI.debug.xcconfig */;
			buildSettings = {
				CLANG_ANALYZER_NONNULL = YES;
				CLANG_ANALYZER_NUMBER_OBJECT_CONVERSION = YES_AGGRESSIVE;
				CLANG_CXX_LANGUAGE_STANDARD = "gnu++14";
				CLANG_WARN_BLOCK_CAPTURE_AUTORELEASING = YES;
				CLANG_WARN_COMMA = YES;
				CLANG_WARN_DOCUMENTATION_COMMENTS = YES;
				CLANG_WARN_INFINITE_RECURSION = YES;
				CLANG_WARN_NON_LITERAL_NULL_CONVERSION = YES;
				CLANG_WARN_OBJC_LITERAL_CONVERSION = YES;
				CLANG_WARN_RANGE_LOOP_ANALYSIS = YES;
				CLANG_WARN_STRICT_PROTOTYPES = YES;
				CLANG_WARN_SUSPICIOUS_MOVE = YES;
				CLANG_WARN_UNGUARDED_AVAILABILITY = YES_AGGRESSIVE;
				CODE_SIGN_IDENTITY = "-";
				CODE_SIGN_STYLE = Automatic;
				DEBUG_INFORMATION_FORMAT = dwarf;
				GCC_C_LANGUAGE_STANDARD = gnu11;
				GCC_NO_COMMON_BLOCKS = YES;
				MACOSX_DEPLOYMENT_TARGET = 10.13;
				PRODUCT_NAME = ambly;
				SDKROOT = macosx;
			};
			name = Debug;
		};
		ED15C8AA20407B7100160C69 /* Release */ = {
			isa = XCBuildConfiguration;
			baseConfigurationReference = 6FDA0886EA4FE70073885A08 /* Pods-Ambly Demo CLI.release.xcconfig */;
			buildSettings = {
				CLANG_ANALYZER_NONNULL = YES;
				CLANG_ANALYZER_NUMBER_OBJECT_CONVERSION = YES_AGGRESSIVE;
				CLANG_CXX_LANGUAGE_STANDARD = "gnu++14";
				CLANG_WARN_BLOCK_CAPTURE_AUTORELEASING = YES;
				CLANG_WARN_COMMA = YES;
				CLANG_WARN_DOCUMENTATION_COMMENTS = YES;
				CLANG_WARN_INFINITE_RECURSION = YES;
				CLANG_WARN_NON_LITERAL_NULL_CONVERSION = YES;
				CLANG_WARN_OBJC_LITERAL_CONVERSION = YES;
				CLANG_WARN_RANGE_LOOP_ANALYSIS = YES;
				CLANG_WARN_STRICT_PROTOTYPES = YES;
				CLANG_WARN_SUSPICIOUS_MOVE = YES;
				CLANG_WARN_UNGUARDED_AVAILABILITY = YES_AGGRESSIVE;
				CODE_SIGN_IDENTITY = "-";
				CODE_SIGN_STYLE = Automatic;
				COPY_PHASE_STRIP = NO;
				DEBUG_INFORMATION_FORMAT = "dwarf-with-dsym";
				GCC_C_LANGUAGE_STANDARD = gnu11;
				GCC_NO_COMMON_BLOCKS = YES;
				MACOSX_DEPLOYMENT_TARGET = 10.13;
				PRODUCT_NAME = ambly;
				SDKROOT = macosx;
			};
			name = Release;
		};
		ED387D3A1A602B56007E40A2 /* Debug */ = {
			isa = XCBuildConfiguration;
			buildSettings = {
				ALWAYS_SEARCH_USER_PATHS = NO;
				CLANG_CXX_LANGUAGE_STANDARD = "gnu++0x";
				CLANG_CXX_LIBRARY = "libc++";
				CLANG_ENABLE_MODULES = YES;
				CLANG_ENABLE_OBJC_ARC = YES;
				CLANG_WARN_BOOL_CONVERSION = YES;
				CLANG_WARN_CONSTANT_CONVERSION = YES;
				CLANG_WARN_DIRECT_OBJC_ISA_USAGE = YES_ERROR;
				CLANG_WARN_EMPTY_BODY = YES;
				CLANG_WARN_ENUM_CONVERSION = YES;
				CLANG_WARN_INT_CONVERSION = YES;
				CLANG_WARN_OBJC_ROOT_CLASS = YES_ERROR;
				CLANG_WARN_UNREACHABLE_CODE = YES;
				CLANG_WARN__DUPLICATE_METHOD_MATCH = YES;
				"CODE_SIGN_IDENTITY[sdk=iphoneos*]" = "iPhone Developer";
				COPY_PHASE_STRIP = NO;
				ENABLE_STRICT_OBJC_MSGSEND = YES;
				ENABLE_TESTABILITY = YES;
				GCC_C_LANGUAGE_STANDARD = gnu99;
				GCC_DYNAMIC_NO_PIC = NO;
				GCC_OPTIMIZATION_LEVEL = 0;
				GCC_PREPROCESSOR_DEFINITIONS = (
					"DEBUG=1",
					"$(inherited)",
				);
				GCC_SYMBOLS_PRIVATE_EXTERN = NO;
				GCC_WARN_64_TO_32_BIT_CONVERSION = YES;
				GCC_WARN_ABOUT_RETURN_TYPE = YES_ERROR;
				GCC_WARN_UNDECLARED_SELECTOR = YES;
				GCC_WARN_UNINITIALIZED_AUTOS = YES_AGGRESSIVE;
				GCC_WARN_UNUSED_FUNCTION = YES;
				GCC_WARN_UNUSED_VARIABLE = YES;
				IPHONEOS_DEPLOYMENT_TARGET = 8.2;
				MTL_ENABLE_DEBUG_INFO = YES;
				ONLY_ACTIVE_ARCH = YES;
				SDKROOT = iphoneos;
			};
			name = Debug;
		};
		ED387D3B1A602B56007E40A2 /* Release */ = {
			isa = XCBuildConfiguration;
			buildSettings = {
				ALWAYS_SEARCH_USER_PATHS = NO;
				CLANG_CXX_LANGUAGE_STANDARD = "gnu++0x";
				CLANG_CXX_LIBRARY = "libc++";
				CLANG_ENABLE_MODULES = YES;
				CLANG_ENABLE_OBJC_ARC = YES;
				CLANG_WARN_BOOL_CONVERSION = YES;
				CLANG_WARN_CONSTANT_CONVERSION = YES;
				CLANG_WARN_DIRECT_OBJC_ISA_USAGE = YES_ERROR;
				CLANG_WARN_EMPTY_BODY = YES;
				CLANG_WARN_ENUM_CONVERSION = YES;
				CLANG_WARN_INT_CONVERSION = YES;
				CLANG_WARN_OBJC_ROOT_CLASS = YES_ERROR;
				CLANG_WARN_UNREACHABLE_CODE = YES;
				CLANG_WARN__DUPLICATE_METHOD_MATCH = YES;
				"CODE_SIGN_IDENTITY[sdk=iphoneos*]" = "iPhone Developer";
				COPY_PHASE_STRIP = YES;
				ENABLE_NS_ASSERTIONS = NO;
				ENABLE_STRICT_OBJC_MSGSEND = YES;
				GCC_C_LANGUAGE_STANDARD = gnu99;
				GCC_WARN_64_TO_32_BIT_CONVERSION = YES;
				GCC_WARN_ABOUT_RETURN_TYPE = YES_ERROR;
				GCC_WARN_UNDECLARED_SELECTOR = YES;
				GCC_WARN_UNINITIALIZED_AUTOS = YES_AGGRESSIVE;
				GCC_WARN_UNUSED_FUNCTION = YES;
				GCC_WARN_UNUSED_VARIABLE = YES;
				IPHONEOS_DEPLOYMENT_TARGET = 8.2;
				MTL_ENABLE_DEBUG_INFO = NO;
				SDKROOT = iphoneos;
				VALIDATE_PRODUCT = YES;
			};
			name = Release;
		};
		ED387D3D1A602B56007E40A2 /* Debug */ = {
			isa = XCBuildConfiguration;
			baseConfigurationReference = 47588471C354B21049EE8C52 /* Pods-Ambly Demo.debug.xcconfig */;
			buildSettings = {
				ASSETCATALOG_COMPILER_APPICON_NAME = AppIcon;
				INFOPLIST_FILE = "Ambly Demo/Info.plist";
				LD_RUNPATH_SEARCH_PATHS = "$(inherited) @executable_path/Frameworks";
				MARKETING_VERSION = 1.11.0;
				PRODUCT_BUNDLE_IDENTIFIER = "ambly.Ambly-Demo";
				PRODUCT_NAME = "$(TARGET_NAME)";
			};
			name = Debug;
		};
		ED387D3E1A602B56007E40A2 /* Release */ = {
			isa = XCBuildConfiguration;
			baseConfigurationReference = 37E132C8F625A7F334C0A9D3 /* Pods-Ambly Demo.release.xcconfig */;
			buildSettings = {
				ASSETCATALOG_COMPILER_APPICON_NAME = AppIcon;
				INFOPLIST_FILE = "Ambly Demo/Info.plist";
				LD_RUNPATH_SEARCH_PATHS = "$(inherited) @executable_path/Frameworks";
				MARKETING_VERSION = 1.11.0;
				PRODUCT_BUNDLE_IDENTIFIER = "ambly.Ambly-Demo";
				PRODUCT_NAME = "$(TARGET_NAME)";
			};
			name = Release;
		};
/* End XCBuildConfiguration section */

/* Begin XCConfigurationList section */
		AA6422371C28A5D7002F7170 /* Build configuration list for PBXNativeTarget "Ambly Demo TV" */ = {
			isa = XCConfigurationList;
			buildConfigurations = (
				AA6422381C28A5D7002F7170 /* Debug */,
				AA6422391C28A5D7002F7170 /* Release */,
			);
			defaultConfigurationIsVisible = 0;
			defaultConfigurationName = Release;
		};
		ED15C8AB20407B7100160C69 /* Build configuration list for PBXNativeTarget "Ambly Demo CLI" */ = {
			isa = XCConfigurationList;
			buildConfigurations = (
				ED15C8A920407B7100160C69 /* Debug */,
				ED15C8AA20407B7100160C69 /* Release */,
			);
			defaultConfigurationIsVisible = 0;
			defaultConfigurationName = Release;
		};
		ED387D141A602B55007E40A2 /* Build configuration list for PBXProject "Ambly Demo" */ = {
			isa = XCConfigurationList;
			buildConfigurations = (
				ED387D3A1A602B56007E40A2 /* Debug */,
				ED387D3B1A602B56007E40A2 /* Release */,
			);
			defaultConfigurationIsVisible = 0;
			defaultConfigurationName = Release;
		};
		ED387D3C1A602B56007E40A2 /* Build configuration list for PBXNativeTarget "Ambly Demo" */ = {
			isa = XCConfigurationList;
			buildConfigurations = (
				ED387D3D1A602B56007E40A2 /* Debug */,
				ED387D3E1A602B56007E40A2 /* Release */,
			);
			defaultConfigurationIsVisible = 0;
			defaultConfigurationName = Release;
		};
/* End XCConfigurationList section */
	};
	rootObject = ED387D111A602B55007E40A2 /* Project object */;
}
